
Microsoft Visual Studio Solution File, Format Version 12.00
# Visual Studio Version 17
VisualStudioVersion = 17.8.34511.84
MinimumVisualStudioVersion = 10.0.40219.1
Project("{FAE04EC0-301F-11D3-BF4B-00C04F79EFBC}") = "RestWithAsp-Net5Udemay", "RestWithAsp-Net5Udemay\RestWithAsp-Net5Udemay.csproj", "{F44FB983-71B8-44FB-B8C4-2AB55EAD94D4}"
EndProject
Global
	GlobalSection(SolutionConfigurationPlatforms) = preSolution
		Debug|Any CPU = Debug|Any CPU
		Release|Any CPU = Release|Any CPU
	EndGlobalSection
	GlobalSection(ProjectConfigurationPlatforms) = postSolution
		{F44FB983-71B8-44FB-B8C4-2AB55EAD94D4}.Debug|Any CPU.ActiveCfg = Debug|Any CPU
		{F44FB983-71B8-44FB-B8C4-2AB55EAD94D4}.Debug|Any CPU.Build.0 = Debug|Any CPU
		{F44FB983-71B8-44FB-B8C4-2AB55EAD94D4}.Release|Any CPU.ActiveCfg = Release|Any CPU
		{F44FB983-71B8-44FB-B8C4-2AB55EAD94D4}.Release|Any CPU.Build.0 = Release|Any CPU
	EndGlobalSection
	GlobalSection(SolutionProperties) = preSolution
		HideSolutionNode = FALSE
	EndGlobalSection
	GlobalSection(ExtensibilityGlobals) = postSolution
		SolutionGuid = {4F76DD33-4A1E-46BF-B5A0-56F524141647}
	EndGlobalSection
EndGlobal
